
Microsoft Visual Studio Solution File, Format Version 12.00
# Visual Studio Version 16
VisualStudioVersion = 16.0.31410.357
MinimumVisualStudioVersion = 10.0.40219.1
Project("{FAE04EC0-301F-11D3-BF4B-00C04F79EFBC}") = "CreateCNNImages", "CreateCNNImages.csproj", "{C9139A30-F853-4ABF-A69E-434FF5BD42E8}"
EndProject
Global
	GlobalSection(SolutionConfigurationPlatforms) = preSolution
		Debug|Any CPU = Debug|Any CPU
		Release|Any CPU = Release|Any CPU
	EndGlobalSection
	GlobalSection(ProjectConfigurationPlatforms) = postSolution
		{C9139A30-F853-4ABF-A69E-434FF5BD42E8}.Debug|Any CPU.ActiveCfg = Debug|Any CPU
		{C9139A30-F853-4ABF-A69E-434FF5BD42E8}.Debug|Any CPU.Build.0 = Debug|Any CPU
		{C9139A30-F853-4ABF-A69E-434FF5BD42E8}.Release|Any CPU.ActiveCfg = Release|Any CPU
		{C9139A30-F853-4ABF-A69E-434FF5BD42E8}.Release|Any CPU.Build.0 = Release|Any CPU
	EndGlobalSection
	GlobalSection(SolutionProperties) = preSolution
		HideSolutionNode = FALSE
	EndGlobalSection
	GlobalSection(ExtensibilityGlobals) = postSolution
		SolutionGuid = {DBFAEF68-C24E-4CEB-AB76-3FC3742F21E3}
	EndGlobalSection
EndGlobal
